
Microsoft Visual Studio Solution File, Format Version 12.00
Project("{FAE04EC0-301F-11D3-BF4B-00C04F79EFBC}") = "sts2_char_portalcraft", "sts2_char_portalcraft.csproj", "{8002D632-3728-4896-874C-6C4FC9170A6C}"
EndProject
Global
	GlobalSection(SolutionConfigurationPlatforms) = preSolution
		Debug|Any CPU = Debug|Any CPU
		ExportDebug|Any CPU = ExportDebug|Any CPU
		ExportRelease|Any CPU = ExportRelease|Any CPU
	EndGlobalSection
	GlobalSection(ProjectConfigurationPlatforms) = postSolution
		{8002D632-3728-4896-874C-6C4FC9170A6C}.Debug|Any CPU.ActiveCfg = Debug|Any CPU
		{8002D632-3728-4896-874C-6C4FC9170A6C}.Debug|Any CPU.Build.0 = Debug|Any CPU
		{8002D632-3728-4896-874C-6C4FC9170A6C}.ExportDebug|Any CPU.ActiveCfg = ExportDebug|Any CPU
		{8002D632-3728-4896-874C-6C4FC9170A6C}.ExportDebug|Any CPU.Build.0 = ExportDebug|Any CPU
		{8002D632-3728-4896-874C-6C4FC9170A6C}.ExportRelease|Any CPU.ActiveCfg = ExportRelease|Any CPU
		{8002D632-3728-4896-874C-6C4FC9170A6C}.ExportRelease|Any CPU.Build.0 = ExportRelease|Any CPU
	EndGlobalSection
EndGlobal
